
Microsoft Visual Studio Solution File, Format Version 12.00
# Visual Studio 15
VisualStudioVersion = 15.0.28307.421
MinimumVisualStudioVersion = 10.0.40219.1
Project("{FAE04EC0-301F-11D3-BF4B-00C04F79EFBC}") = "HW58_Ecommerce_April14", "HW58_Ecommerce_April14\HW58_Ecommerce_April14.csproj", "{1F1D3741-1030-42E3-A785-4B46C4856507}"
EndProject
Global
	GlobalSection(SolutionConfigurationPlatforms) = preSolution
		Debug|Any CPU = Debug|Any CPU
		Release|Any CPU = Release|Any CPU
	EndGlobalSection
	GlobalSection(ProjectConfigurationPlatforms) = postSolution
		{1F1D3741-1030-42E3-A785-4B46C4856507}.Debug|Any CPU.ActiveCfg = Debug|Any CPU
		{1F1D3741-1030-42E3-A785-4B46C4856507}.Debug|Any CPU.Build.0 = Debug|Any CPU
		{1F1D3741-1030-42E3-A785-4B46C4856507}.Release|Any CPU.ActiveCfg = Release|Any CPU
		{1F1D3741-1030-42E3-A785-4B46C4856507}.Release|Any CPU.Build.0 = Release|Any CPU
	EndGlobalSection
	GlobalSection(SolutionProperties) = preSolution
		HideSolutionNode = FALSE
	EndGlobalSection
	GlobalSection(ExtensibilityGlobals) = postSolution
		SolutionGuid = {A172ACE6-5450-4676-AA73-CB5A3720A28D}
	EndGlobalSection
EndGlobal
